<Solution>
  <Folder Name="/benchmarks/">
    <Project Path="benchmarks/FusionMapper.Benchmarks/FusionMapper.Benchmarks.csproj" />
  </Folder>
  <Folder Name="/Solution Items/" />
  <Folder Name="/src/">
    <Project Path="src/FusionMapper.SourceGenerator/FusionMapper.SourceGenerator.csproj" />
    <Project Path="src/FusionMapper/FusionMapper.csproj" />
  </Folder>
  <Folder Name="/tests/">
    <Project Path="tests/FusionMapper.Tests/FusionMapper.Tests.csproj" />
    <Project Path="tests/FusionMapper.SourceGenerator.Tests/FusionMapper.SourceGenerator.Tests.csproj" />
  </Folder>
</Solution>
