<Solution>
  <Folder Name="/benchmarks/">
    <Project Path="benchmarks/FusionMapper.Benchmarks/FusionMapper.Benchmarks.csproj" />
  </Folder>
  <Folder Name="/Solution Items/">
    <File Path=".editorconfig" />
  </Folder>
  <Folder Name="/src/">
    <Project Path="src/FusionMapper.SourceGeneration/FusionMapper.SourceGeneration.csproj" />
    <Project Path="src/FusionMapper/FusionMapper.csproj" />
  </Folder>
  <Folder Name="/tests/">
    <Project Path="tests/FusionMapper.Tests/FusionMapper.Tests.csproj" />
  </Folder>
</Solution>
